
Microsoft Visual Studio Solution File, Format Version 12.00
# Visual Studio Version 16
VisualStudioVersion = 16.0.31729.503
MinimumVisualStudioVersion = 10.0.40219.1
Project("{FAE04EC0-301F-11D3-BF4B-00C04F79EFBC}") = "Assembly-CSharp", "Assembly-CSharp.csproj", "{D751C0DB-F8A6-FDA7-28C5-2AEFA872CCFE}"
EndProject
Project("{FAE04EC0-301F-11D3-BF4B-00C04F79EFBC}") = "Assembly-CSharp-Editor", "Assembly-CSharp-Editor.csproj", "{705C18B3-C024-BADD-3B48-CC89D66D7713}"
EndProject
Global
	GlobalSection(SolutionConfigurationPlatforms) = preSolution
		Debug|Any CPU = Debug|Any CPU
		Release|Any CPU = Release|Any CPU
	EndGlobalSection
	GlobalSection(ProjectConfigurationPlatforms) = postSolution
		{D751C0DB-F8A6-FDA7-28C5-2AEFA872CCFE}.Debug|Any CPU.ActiveCfg = Debug|Any CPU
		{D751C0DB-F8A6-FDA7-28C5-2AEFA872CCFE}.Debug|Any CPU.Build.0 = Debug|Any CPU
		{D751C0DB-F8A6-FDA7-28C5-2AEFA872CCFE}.Release|Any CPU.ActiveCfg = Release|Any CPU
		{D751C0DB-F8A6-FDA7-28C5-2AEFA872CCFE}.Release|Any CPU.Build.0 = Release|Any CPU
		{705C18B3-C024-BADD-3B48-CC89D66D7713}.Debug|Any CPU.ActiveCfg = Debug|Any CPU
		{705C18B3-C024-BADD-3B48-CC89D66D7713}.Debug|Any CPU.Build.0 = Debug|Any CPU
		{705C18B3-C024-BADD-3B48-CC89D66D7713}.Release|Any CPU.ActiveCfg = Release|Any CPU
		{705C18B3-C024-BADD-3B48-CC89D66D7713}.Release|Any CPU.Build.0 = Release|Any CPU
	EndGlobalSection
	GlobalSection(SolutionProperties) = preSolution
		HideSolutionNode = FALSE
	EndGlobalSection
	GlobalSection(ExtensibilityGlobals) = postSolution
		SolutionGuid = {7840E9BC-C1D6-4D05-B133-986E875B039F}
	EndGlobalSection
EndGlobal
